
Microsoft Visual Studio Solution File, Format Version 12.00
# Visual Studio Version 17
VisualStudioVersion = 17.8.34330.188
MinimumVisualStudioVersion = 10.0.40219.1
Project("{9A19103F-16F7-4668-BE54-9A1E7A4F7556}") = "WeBlog.Entities", "WeBlog.Entities\WeBlog.Entities.csproj", "{723E0025-3ECE-4561-B3E8-AEE1B25A9850}"
EndProject
Project("{FAE04EC0-301F-11D3-BF4B-00C04F79EFBC}") = "WeBlog.Web", "WeBlog.Web\WeBlog.Web.csproj", "{D2E2796C-EE15-4CCD-8DD9-8FC14DBD4ED4}"
EndProject
Project("{FAE04EC0-301F-11D3-BF4B-00C04F79EFBC}") = "WeBlog.Contracts", "WeBlog.Application\WeBlog.Contracts.csproj", "{2C099431-C8BD-48C2-87EC-EA00ED379AB4}"
EndProject
Project("{FAE04EC0-301F-11D3-BF4B-00C04F79EFBC}") = "WeBlog.Services", "WeBlog.Services\WeBlog.Services.csproj", "{71F0C902-0B1A-49A5-924F-84BE36ECB310}"
EndProject
Project("{FAE04EC0-301F-11D3-BF4B-00C04F79EFBC}") = "WeBlog.Repository", "WeBlog.Repository\WeBlog.Repository.csproj", "{2EC0C20D-99E0-42DB-8974-6FED1297BFFB}"
EndProject
Global
	GlobalSection(SolutionConfigurationPlatforms) = preSolution
		Debug|Any CPU = Debug|Any CPU
		Release|Any CPU = Release|Any CPU
	EndGlobalSection
	GlobalSection(ProjectConfigurationPlatforms) = postSolution
		{723E0025-3ECE-4561-B3E8-AEE1B25A9850}.Debug|Any CPU.ActiveCfg = Debug|Any CPU
		{723E0025-3ECE-4561-B3E8-AEE1B25A9850}.Debug|Any CPU.Build.0 = Debug|Any CPU
		{723E0025-3ECE-4561-B3E8-AEE1B25A9850}.Release|Any CPU.ActiveCfg = Release|Any CPU
		{723E0025-3ECE-4561-B3E8-AEE1B25A9850}.Release|Any CPU.Build.0 = Release|Any CPU
		{D2E2796C-EE15-4CCD-8DD9-8FC14DBD4ED4}.Debug|Any CPU.ActiveCfg = Debug|Any CPU
		{D2E2796C-EE15-4CCD-8DD9-8FC14DBD4ED4}.Debug|Any CPU.Build.0 = Debug|Any CPU
		{D2E2796C-EE15-4CCD-8DD9-8FC14DBD4ED4}.Release|Any CPU.ActiveCfg = Release|Any CPU
		{D2E2796C-EE15-4CCD-8DD9-8FC14DBD4ED4}.Release|Any CPU.Build.0 = Release|Any CPU
		{2C099431-C8BD-48C2-87EC-EA00ED379AB4}.Debug|Any CPU.ActiveCfg = Debug|Any CPU
		{2C099431-C8BD-48C2-87EC-EA00ED379AB4}.Debug|Any CPU.Build.0 = Debug|Any CPU
		{2C099431-C8BD-48C2-87EC-EA00ED379AB4}.Release|Any CPU.ActiveCfg = Release|Any CPU
		{2C099431-C8BD-48C2-87EC-EA00ED379AB4}.Release|Any CPU.Build.0 = Release|Any CPU
		{71F0C902-0B1A-49A5-924F-84BE36ECB310}.Debug|Any CPU.ActiveCfg = Debug|Any CPU
		{71F0C902-0B1A-49A5-924F-84BE36ECB310}.Debug|Any CPU.Build.0 = Debug|Any CPU
		{71F0C902-0B1A-49A5-924F-84BE36ECB310}.Release|Any CPU.ActiveCfg = Release|Any CPU
		{71F0C902-0B1A-49A5-924F-84BE36ECB310}.Release|Any CPU.Build.0 = Release|Any CPU
		{2EC0C20D-99E0-42DB-8974-6FED1297BFFB}.Debug|Any CPU.ActiveCfg = Debug|Any CPU
		{2EC0C20D-99E0-42DB-8974-6FED1297BFFB}.Debug|Any CPU.Build.0 = Debug|Any CPU
		{2EC0C20D-99E0-42DB-8974-6FED1297BFFB}.Release|Any CPU.ActiveCfg = Release|Any CPU
		{2EC0C20D-99E0-42DB-8974-6FED1297BFFB}.Release|Any CPU.Build.0 = Release|Any CPU
	EndGlobalSection
	GlobalSection(SolutionProperties) = preSolution
		HideSolutionNode = FALSE
	EndGlobalSection
	GlobalSection(ExtensibilityGlobals) = postSolution
		SolutionGuid = {EBFDD286-A31E-47BE-9C29-9C4E2C1A88B3}
	EndGlobalSection
EndGlobal
